# THIS IS AN AUTOGENERATED FILE. DO NOT EDIT THIS FILE DIRECTLY.
# yarn lockfile v1


react-icons@^4.12.0:
  version "4.12.0"
  resolved "https://registry.yarnpkg.com/react-icons/-/react-icons-4.12.0.tgz#54806159a966961bfd5cdb26e492f4dafd6a8d78"
  integrity sha512-IBaDuHiShdZqmfc/TwHu6+d6k2ltNCf3AszxNmjJc1KUfXdEeRJOKyNvLmAHaarhzGmTSVygNdyu8/opXv2gaw==
